
Microsoft Visual Studio Solution File, Format Version 12.00
# Visual Studio Version 16
VisualStudioVersion = 16.0.29920.165
MinimumVisualStudioVersion = 10.0.40219.1
Project("{FAE04EC0-301F-11D3-BF4B-00C04F79EFBC}") = "MobileWorld", "MobileWorld\MobileWorld.csproj", "{95E1C55D-2965-4E06-BBBC-063616C8E3D3}"
EndProject
Project("{FAE04EC0-301F-11D3-BF4B-00C04F79EFBC}") = "Model", "Model\Model.csproj", "{A4800B96-259E-42F4-92A1-77270C27484C}"
EndProject
Global
	GlobalSection(SolutionConfigurationPlatforms) = preSolution
		Debug|Any CPU = Debug|Any CPU
		Release|Any CPU = Release|Any CPU
	EndGlobalSection
	GlobalSection(ProjectConfigurationPlatforms) = postSolution
		{95E1C55D-2965-4E06-BBBC-063616C8E3D3}.Debug|Any CPU.ActiveCfg = Debug|Any CPU
		{95E1C55D-2965-4E06-BBBC-063616C8E3D3}.Debug|Any CPU.Build.0 = Debug|Any CPU
		{95E1C55D-2965-4E06-BBBC-063616C8E3D3}.Release|Any CPU.ActiveCfg = Release|Any CPU
		{95E1C55D-2965-4E06-BBBC-063616C8E3D3}.Release|Any CPU.Build.0 = Release|Any CPU
		{A4800B96-259E-42F4-92A1-77270C27484C}.Debug|Any CPU.ActiveCfg = Debug|Any CPU
		{A4800B96-259E-42F4-92A1-77270C27484C}.Debug|Any CPU.Build.0 = Debug|Any CPU
		{A4800B96-259E-42F4-92A1-77270C27484C}.Release|Any CPU.ActiveCfg = Release|Any CPU
		{A4800B96-259E-42F4-92A1-77270C27484C}.Release|Any CPU.Build.0 = Release|Any CPU
	EndGlobalSection
	GlobalSection(SolutionProperties) = preSolution
		HideSolutionNode = FALSE
	EndGlobalSection
	GlobalSection(ExtensibilityGlobals) = postSolution
		SolutionGuid = {99304DE2-A745-4AD4-96C8-37EBF9907388}
	EndGlobalSection
EndGlobal
